
Microsoft Visual Studio Solution File, Format Version 12.00
# Visual Studio Version 17
VisualStudioVersion = 17.10.35013.160
MinimumVisualStudioVersion = 10.0.40219.1
Project("{FAE04EC0-301F-11D3-BF4B-00C04F79EFBC}") = "ContactApp", "ContactApp.csproj", "{E9182012-A5B0-4483-A49E-9AD746C07F0F}"
EndProject
Global
	GlobalSection(SolutionConfigurationPlatforms) = preSolution
		Debug|Any CPU = Debug|Any CPU
		Release|Any CPU = Release|Any CPU
	EndGlobalSection
	GlobalSection(ProjectConfigurationPlatforms) = postSolution
		{E9182012-A5B0-4483-A49E-9AD746C07F0F}.Debug|Any CPU.ActiveCfg = Debug|Any CPU
		{E9182012-A5B0-4483-A49E-9AD746C07F0F}.Debug|Any CPU.Build.0 = Debug|Any CPU
		{E9182012-A5B0-4483-A49E-9AD746C07F0F}.Release|Any CPU.ActiveCfg = Release|Any CPU
		{E9182012-A5B0-4483-A49E-9AD746C07F0F}.Release|Any CPU.Build.0 = Release|Any CPU
	EndGlobalSection
	GlobalSection(SolutionProperties) = preSolution
		HideSolutionNode = FALSE
	EndGlobalSection
	GlobalSection(ExtensibilityGlobals) = postSolution
		SolutionGuid = {BD6EB17E-7ED2-4CEE-AAEB-98860F4C7CF9}
	EndGlobalSection
EndGlobal
